// !$*UTF8*$!
{
	archiveVersion = 1;
	classes = {
	};
	objectVersion = 55;
	objects = {

/* Begin PBXBuildFile section */
		BF4EB71828BB4D9C0029861E /* ToggleButton.swift in Sources */ = {isa = PBXBuildFile; fileRef = BF4EB71728BB4D9C0029861E /* ToggleButton.swift */; };
		BF4EB71A28BB9C5D0029861E /* Microphone.swift in Sources */ = {isa = PBXBuildFile; fileRef = BF4EB71928BB9C5D0029861E /* Microphone.swift */; };
		BF9336A228C0CF0C002A7EBB /* Main+MusicMoodClassifierDelegate.swift in Sources */ = {isa = PBXBuildFile; fileRef = BF9336A128C0CF0C002A7EBB /* Main+MusicMoodClassifierDelegate.swift */; };
		BF96451D28BE0B4E0033A7AD /* MusicMoodClassification.mlmodel in Sources */ = {isa = PBXBuildFile; fileRef = BF96451C28BE0B4E0033A7AD /* MusicMoodClassification.mlmodel */; };
		BF96452128BEF2340033A7AD /* UnsplashImageView.swift in Sources */ = {isa = PBXBuildFile; fileRef = BF96452028BEF2340033A7AD /* UnsplashImageView.swift */; };
		BF96452328BEF5200033A7AD /* API.swift in Sources */ = {isa = PBXBuildFile; fileRef = BF96452228BEF5200033A7AD /* API.swift */; };
		BFC1B35128B8A06E00DBA954 /* SoundManager.swift in Sources */ = {isa = PBXBuildFile; fileRef = BFC1B35028B8A06E00DBA954 /* SoundManager.swift */; };
		BFC1B35928B8E6D500DBA954 /* ResultsObserver.swift in Sources */ = {isa = PBXBuildFile; fileRef = BFC1B35828B8E6D500DBA954 /* ResultsObserver.swift */; };
		BFCA6BB028B84B3E00EA6261 /* AppDelegate.swift in Sources */ = {isa = PBXBuildFile; fileRef = BFCA6BAF28B84B3E00EA6261 /* AppDelegate.swift */; };
		BFCA6BB228B84B3E00EA6261 /* SceneDelegate.swift in Sources */ = {isa = PBXBuildFile; fileRef = BFCA6BB128B84B3E00EA6261 /* SceneDelegate.swift */; };
		BFCA6BB928B84B4100EA6261 /* Assets.xcassets in Resources */ = {isa = PBXBuildFile; fileRef = BFCA6BB828B84B4100EA6261 /* Assets.xcassets */; };
		BFCA6BBC28B84B4100EA6261 /* LaunchScreen.storyboard in Resources */ = {isa = PBXBuildFile; fileRef = BFCA6BBA28B84B4100EA6261 /* LaunchScreen.storyboard */; };
		BFCA6BC428B85D5000EA6261 /* MainViewController.swift in Sources */ = {isa = PBXBuildFile; fileRef = BFCA6BC328B85D5000EA6261 /* MainViewController.swift */; };
		BFF6736928B86CF800B456E2 /* Colors.swift in Sources */ = {isa = PBXBuildFile; fileRef = BFF6736828B86CF800B456E2 /* Colors.swift */; };
/* End PBXBuildFile section */

/* Begin PBXFileReference section */
		BF4EB71728BB4D9C0029861E /* ToggleButton.swift */ = {isa = PBXFileReference; lastKnownFileType = sourcecode.swift; path = ToggleButton.swift; sourceTree = "<group>"; };
		BF4EB71928BB9C5D0029861E /* Microphone.swift */ = {isa = PBXFileReference; lastKnownFileType = sourcecode.swift; path = Microphone.swift; sourceTree = "<group>"; };
		BF9336A128C0CF0C002A7EBB /* Main+MusicMoodClassifierDelegate.swift */ = {isa = PBXFileReference; lastKnownFileType = sourcecode.swift; path = "Main+MusicMoodClassifierDelegate.swift"; sourceTree = "<group>"; };
		BF96451C28BE0B4E0033A7AD /* MusicMoodClassification.mlmodel */ = {isa = PBXFileReference; lastKnownFileType = file.mlmodel; path = MusicMoodClassification.mlmodel; sourceTree = "<group>"; };
		BF96452028BEF2340033A7AD /* UnsplashImageView.swift */ = {isa = PBXFileReference; lastKnownFileType = sourcecode.swift; path = UnsplashImageView.swift; sourceTree = "<group>"; };
		BF96452228BEF5200033A7AD /* API.swift */ = {isa = PBXFileReference; lastKnownFileType = sourcecode.swift; path = API.swift; sourceTree = "<group>"; };
		BFC1B35028B8A06E00DBA954 /* SoundManager.swift */ = {isa = PBXFileReference; lastKnownFileType = sourcecode.swift; path = SoundManager.swift; sourceTree = "<group>"; };
		BFC1B35828B8E6D500DBA954 /* ResultsObserver.swift */ = {isa = PBXFileReference; lastKnownFileType = sourcecode.swift; path = ResultsObserver.swift; sourceTree = "<group>"; };
		BFCA6BAC28B84B3E00EA6261 /* MusicInEyes.app */ = {isa = PBXFileReference; explicitFileType = wrapper.application; includeInIndex = 0; path = MusicInEyes.app; sourceTree = BUILT_PRODUCTS_DIR; };
		BFCA6BAF28B84B3E00EA6261 /* AppDelegate.swift */ = {isa = PBXFileReference; lastKnownFileType = sourcecode.swift; path = AppDelegate.swift; sourceTree = "<group>"; };
		BFCA6BB128B84B3E00EA6261 /* SceneDelegate.swift */ = {isa = PBXFileReference; lastKnownFileType = sourcecode.swift; path = SceneDelegate.swift; sourceTree = "<group>"; };
		BFCA6BB828B84B4100EA6261 /* Assets.xcassets */ = {isa = PBXFileReference; lastKnownFileType = folder.assetcatalog; path = Assets.xcassets; sourceTree = "<group>"; };
		BFCA6BBB28B84B4100EA6261 /* Base */ = {isa = PBXFileReference; lastKnownFileType = file.storyboard; name = Base; path = Base.lproj/LaunchScreen.storyboard; sourceTree = "<group>"; };
		BFCA6BBD28B84B4100EA6261 /* Info.plist */ = {isa = PBXFileReference; lastKnownFileType = text.plist.xml; path = Info.plist; sourceTree = "<group>"; };
		BFCA6BC328B85D5000EA6261 /* MainViewController.swift */ = {isa = PBXFileReference; lastKnownFileType = sourcecode.swift; path = MainViewController.swift; sourceTree = "<group>"; };
		BFF6736828B86CF800B456E2 /* Colors.swift */ = {isa = PBXFileReference; lastKnownFileType = sourcecode.swift; path = Colors.swift; sourceTree = "<group>"; };
/* End PBXFileReference section */

/* Begin PBXGroup section */
		BF4EB71B28BBA0400029861E /* AudioSetting */ = {
			isa = PBXGroup;
			children = (
				BFC1B35028B8A06E00DBA954 /* SoundManager.swift */,
				BF4EB71928BB9C5D0029861E /* Microphone.swift */,
				BFC1B35828B8E6D500DBA954 /* ResultsObserver.swift */,
			);
			path = AudioSetting;
			sourceTree = "<group>";
		};
		BF6BE7C628BC4C2200C44E2B /* Model */ = {
			isa = PBXGroup;
			children = (
				BF96452228BEF5200033A7AD /* API.swift */,
				BF96451C28BE0B4E0033A7AD /* MusicMoodClassification.mlmodel */,
			);
			path = Model;
			sourceTree = "<group>";
		};
		BFCA6BA328B84B3E00EA6261 = {
			isa = PBXGroup;
			children = (
				BFCA6BAE28B84B3E00EA6261 /* MusicInEyes */,
				BFCA6BAD28B84B3E00EA6261 /* Products */,
			);
			sourceTree = "<group>";
		};
		BFCA6BAD28B84B3E00EA6261 /* Products */ = {
			isa = PBXGroup;
			children = (
				BFCA6BAC28B84B3E00EA6261 /* MusicInEyes.app */,
			);
			name = Products;
			sourceTree = "<group>";
		};
		BFCA6BAE28B84B3E00EA6261 /* MusicInEyes */ = {
			isa = PBXGroup;
			children = (
				BFF7393A28BF2DC400B5719E /* View */,
				BF6BE7C628BC4C2200C44E2B /* Model */,
				BF4EB71B28BBA0400029861E /* AudioSetting */,
				BFCA6BC528B86BF500EA6261 /* Extensions */,
				BFCA6BAF28B84B3E00EA6261 /* AppDelegate.swift */,
				BFCA6BB128B84B3E00EA6261 /* SceneDelegate.swift */,
				BFCA6BB828B84B4100EA6261 /* Assets.xcassets */,
				BFCA6BBA28B84B4100EA6261 /* LaunchScreen.storyboard */,
				BFCA6BBD28B84B4100EA6261 /* Info.plist */,
			);
			path = MusicInEyes;
			sourceTree = "<group>";
		};
		BFCA6BC528B86BF500EA6261 /* Extensions */ = {
			isa = PBXGroup;
			children = (
				BFF6736828B86CF800B456E2 /* Colors.swift */,
				BF4EB71728BB4D9C0029861E /* ToggleButton.swift */,
			);
			path = Extensions;
			sourceTree = "<group>";
		};
		BFF7393A28BF2DC400B5719E /* View */ = {
			isa = PBXGroup;
			children = (
				BFCA6BC328B85D5000EA6261 /* MainViewController.swift */,
				BF9336A128C0CF0C002A7EBB /* Main+MusicMoodClassifierDelegate.swift */,
				BF96452028BEF2340033A7AD /* UnsplashImageView.swift */,
			);
			path = View;
			sourceTree = "<group>";
		};
/* End PBXGroup section */

/* Begin PBXNativeTarget section */
		BFCA6BAB28B84B3E00EA6261 /* MusicInEyes */ = {
			isa = PBXNativeTarget;
			buildConfigurationList = BFCA6BC028B84B4100EA6261 /* Build configuration list for PBXNativeTarget "MusicInEyes" */;
			buildPhases = (
				BFCA6BA828B84B3E00EA6261 /* Sources */,
				BFCA6BAA28B84B3E00EA6261 /* Resources */,
			);
			buildRules = (
			);
			dependencies = (
			);
			name = MusicInEyes;
			packageProductDependencies = (
				BF96451628BDA47E0033A7AD /* UnsplashPhotoPicker */,
			);
			productName = MusicInEyes;
			productReference = BFCA6BAC28B84B3E00EA6261 /* MusicInEyes.app */;
			productType = "com.apple.product-type.application";
		};
/* End PBXNativeTarget section */

/* Begin PBXProject section */
		BFCA6BA428B84B3E00EA6261 /* Project object */ = {
			isa = PBXProject;
			attributes = {
				BuildIndependentTargetsInParallel = 1;
				LastSwiftUpdateCheck = 1340;
				LastUpgradeCheck = 1340;
				TargetAttributes = {
					BFCA6BAB28B84B3E00EA6261 = {
						CreatedOnToolsVersion = 13.4.1;
					};
				};
			};
			buildConfigurationList = BFCA6BA728B84B3E00EA6261 /* Build configuration list for PBXProject "MusicInEyes" */;
			compatibilityVersion = "Xcode 13.0";
			developmentRegion = en;
			hasScannedForEncodings = 0;
			knownRegions = (
				en,
				Base,
			);
			mainGroup = BFCA6BA328B84B3E00EA6261;
			packageReferences = (
				BF96451528BDA47E0033A7AD /* XCRemoteSwiftPackageReference "unsplash-photopicker-ios" */,
			);
			productRefGroup = BFCA6BAD28B84B3E00EA6261 /* Products */;
			projectDirPath = "";
			projectRoot = "";
			targets = (
				BFCA6BAB28B84B3E00EA6261 /* MusicInEyes */,
			);
		};
/* End PBXProject section */

/* Begin PBXResourcesBuildPhase section */
		BFCA6BAA28B84B3E00EA6261 /* Resources */ = {
			isa = PBXResourcesBuildPhase;
			buildActionMask = 2147483647;
			files = (
				BFCA6BBC28B84B4100EA6261 /* LaunchScreen.storyboard in Resources */,
				BFCA6BB928B84B4100EA6261 /* Assets.xcassets in Resources */,
			);
			runOnlyForDeploymentPostprocessing = 0;
		};
/* End PBXResourcesBuildPhase section */

/* Begin PBXSourcesBuildPhase section */
		BFCA6BA828B84B3E00EA6261 /* Sources */ = {
			isa = PBXSourcesBuildPhase;
			buildActionMask = 2147483647;
			files = (
				BF4EB71828BB4D9C0029861E /* ToggleButton.swift in Sources */,
				BFF6736928B86CF800B456E2 /* Colors.swift in Sources */,
				BF96452128BEF2340033A7AD /* UnsplashImageView.swift in Sources */,
				BFCA6BB028B84B3E00EA6261 /* AppDelegate.swift in Sources */,
				BFCA6BB228B84B3E00EA6261 /* SceneDelegate.swift in Sources */,
				BFC1B35928B8E6D500DBA954 /* ResultsObserver.swift in Sources */,
				BF96451D28BE0B4E0033A7AD /* MusicMoodClassification.mlmodel in Sources */,
				BF96452328BEF5200033A7AD /* API.swift in Sources */,
				BF4EB71A28BB9C5D0029861E /* Microphone.swift in Sources */,
				BF9336A228C0CF0C002A7EBB /* Main+MusicMoodClassifierDelegate.swift in Sources */,
				BFCA6BC428B85D5000EA6261 /* MainViewController.swift in Sources */,
				BFC1B35128B8A06E00DBA954 /* SoundManager.swift in Sources */,
			);
			runOnlyForDeploymentPostprocessing = 0;
		};
/* End PBXSourcesBuildPhase section */

/* Begin PBXVariantGroup section */
		BFCA6BBA28B84B4100EA6261 /* LaunchScreen.storyboard */ = {
			isa = PBXVariantGroup;
			children = (
				BFCA6BBB28B84B4100EA6261 /* Base */,
			);
			name = LaunchScreen.storyboard;
			sourceTree = "<group>";
		};
/* End PBXVariantGroup section */

/* Begin XCBuildConfiguration section */
		BFCA6BBE28B84B4100EA6261 /* Debug */ = {
			isa = XCBuildConfiguration;
			buildSettings = {
				ALWAYS_SEARCH_USER_PATHS = NO;
				CLANG_ANALYZER_NONNULL = YES;
				CLANG_ANALYZER_NUMBER_OBJECT_CONVERSION = YES_AGGRESSIVE;
				CLANG_CXX_LANGUAGE_STANDARD = "gnu++17";
				CLANG_ENABLE_MODULES = YES;
				CLANG_ENABLE_OBJC_ARC = YES;
				CLANG_ENABLE_OBJC_WEAK = YES;
				CLANG_WARN_BLOCK_CAPTURE_AUTORELEASING = YES;
				CLANG_WARN_BOOL_CONVERSION = YES;
				CLANG_WARN_COMMA = YES;
				CLANG_WARN_CONSTANT_CONVERSION = YES;
				CLANG_WARN_DEPRECATED_OBJC_IMPLEMENTATIONS = YES;
				CLANG_WARN_DIRECT_OBJC_ISA_USAGE = YES_ERROR;
				CLANG_WARN_DOCUMENTATION_COMMENTS = YES;
				CLANG_WARN_EMPTY_BODY = YES;
				CLANG_WARN_ENUM_CONVERSION = YES;
				CLANG_WARN_INFINITE_RECURSION = YES;
				CLANG_WARN_INT_CONVERSION = YES;
				CLANG_WARN_NON_LITERAL_NULL_CONVERSION = YES;
				CLANG_WARN_OBJC_IMPLICIT_RETAIN_SELF = YES;
				CLANG_WARN_OBJC_LITERAL_CONVERSION = YES;
				CLANG_WARN_OBJC_ROOT_CLASS = YES_ERROR;
				CLANG_WARN_QUOTED_INCLUDE_IN_FRAMEWORK_HEADER = YES;
				CLANG_WARN_RANGE_LOOP_ANALYSIS = YES;
				CLANG_WARN_STRICT_PROTOTYPES = YES;
				CLANG_WARN_SUSPICIOUS_MOVE = YES;
				CLANG_WARN_UNGUARDED_AVAILABILITY = YES_AGGRESSIVE;
				CLANG_WARN_UNREACHABLE_CODE = YES;
				CLANG_WARN__DUPLICATE_METHOD_MATCH = YES;
				COPY_PHASE_STRIP = NO;
				DEBUG_INFORMATION_FORMAT = dwarf;
				ENABLE_STRICT_OBJC_MSGSEND = YES;
				ENABLE_TESTABILITY = YES;
				GCC_C_LANGUAGE_STANDARD = gnu11;
				GCC_DYNAMIC_NO_PIC = NO;
				GCC_NO_COMMON_BLOCKS = YES;
				GCC_OPTIMIZATION_LEVEL = 0;
				GCC_PREPROCESSOR_DEFINITIONS = (
					"DEBUG=1",
					"$(inherited)",
				);
				GCC_WARN_64_TO_32_BIT_CONVERSION = YES;
				GCC_WARN_ABOUT_RETURN_TYPE = YES_ERROR;
				GCC_WARN_UNDECLARED_SELECTOR = YES;
				GCC_WARN_UNINITIALIZED_AUTOS = YES_AGGRESSIVE;
				GCC_WARN_UNUSED_FUNCTION = YES;
				GCC_WARN_UNUSED_VARIABLE = YES;
				IPHONEOS_DEPLOYMENT_TARGET = 15.5;
				MTL_ENABLE_DEBUG_INFO = INCLUDE_SOURCE;
				MTL_FAST_MATH = YES;
				ONLY_ACTIVE_ARCH = YES;
				SDKROOT = iphoneos;
				SWIFT_ACTIVE_COMPILATION_CONDITIONS = DEBUG;
				SWIFT_OPTIMIZATION_LEVEL = "-Onone";
			};
			name = Debug;
		};
		BFCA6BBF28B84B4100EA6261 /* Release */ = {
			isa = XCBuildConfiguration;
			buildSettings = {
				ALWAYS_SEARCH_USER_PATHS = NO;
				CLANG_ANALYZER_NONNULL = YES;
				CLANG_ANALYZER_NUMBER_OBJECT_CONVERSION = YES_AGGRESSIVE;
				CLANG_CXX_LANGUAGE_STANDARD = "gnu++17";
				CLANG_ENABLE_MODULES = YES;
				CLANG_ENABLE_OBJC_ARC = YES;
				CLANG_ENABLE_OBJC_WEAK = YES;
				CLANG_WARN_BLOCK_CAPTURE_AUTORELEASING = YES;
				CLANG_WARN_BOOL_CONVERSION = YES;
				CLANG_WARN_COMMA = YES;
				CLANG_WARN_CONSTANT_CONVERSION = YES;
				CLANG_WARN_DEPRECATED_OBJC_IMPLEMENTATIONS = YES;
				CLANG_WARN_DIRECT_OBJC_ISA_USAGE = YES_ERROR;
				CLANG_WARN_DOCUMENTATION_COMMENTS = YES;
				CLANG_WARN_EMPTY_BODY = YES;
				CLANG_WARN_ENUM_CONVERSION = YES;
				CLANG_WARN_INFINITE_RECURSION = YES;
				CLANG_WARN_INT_CONVERSION = YES;
				CLANG_WARN_NON_LITERAL_NULL_CONVERSION = YES;
				CLANG_WARN_OBJC_IMPLICIT_RETAIN_SELF = YES;
				CLANG_WARN_OBJC_LITERAL_CONVERSION = YES;
				CLANG_WARN_OBJC_ROOT_CLASS = YES_ERROR;
				CLANG_WARN_QUOTED_INCLUDE_IN_FRAMEWORK_HEADER = YES;
				CLANG_WARN_RANGE_LOOP_ANALYSIS = YES;
				CLANG_WARN_STRICT_PROTOTYPES = YES;
				CLANG_WARN_SUSPICIOUS_MOVE = YES;
				CLANG_WARN_UNGUARDED_AVAILABILITY = YES_AGGRESSIVE;
				CLANG_WARN_UNREACHABLE_CODE = YES;
				CLANG_WARN__DUPLICATE_METHOD_MATCH = YES;
				COPY_PHASE_STRIP = NO;
				DEBUG_INFORMATION_FORMAT = "dwarf-with-dsym";
				ENABLE_NS_ASSERTIONS = NO;
				ENABLE_STRICT_OBJC_MSGSEND = YES;
				GCC_C_LANGUAGE_STANDARD = gnu11;
				GCC_NO_COMMON_BLOCKS = YES;
				GCC_WARN_64_TO_32_BIT_CONVERSION = YES;
				GCC_WARN_ABOUT_RETURN_TYPE = YES_ERROR;
				GCC_WARN_UNDECLARED_SELECTOR = YES;
				GCC_WARN_UNINITIALIZED_AUTOS = YES_AGGRESSIVE;
				GCC_WARN_UNUSED_FUNCTION = YES;
				GCC_WARN_UNUSED_VARIABLE = YES;
				IPHONEOS_DEPLOYMENT_TARGET = 15.5;
				MTL_ENABLE_DEBUG_INFO = NO;
				MTL_FAST_MATH = YES;
				SDKROOT = iphoneos;
				SWIFT_COMPILATION_MODE = wholemodule;
				SWIFT_OPTIMIZATION_LEVEL = "-O";
				VALIDATE_PRODUCT = YES;
			};
			name = Release;
		};
		BFCA6BC128B84B4100EA6261 /* Debug */ = {
			isa = XCBuildConfiguration;
			buildSettings = {
				ASSETCATALOG_COMPILER_APPICON_NAME = AppIcon;
				ASSETCATALOG_COMPILER_GLOBAL_ACCENT_COLOR_NAME = AccentColor;
				CODE_SIGN_STYLE = Automatic;
				CURRENT_PROJECT_VERSION = 1;
				DEVELOPMENT_TEAM = D9CAJN27UH;
				GENERATE_INFOPLIST_FILE = YES;
				INFOPLIST_FILE = MusicInEyes/Info.plist;
				INFOPLIST_KEY_UIApplicationSupportsIndirectInputEvents = YES;
				INFOPLIST_KEY_UILaunchStoryboardName = LaunchScreen;
				INFOPLIST_KEY_UISupportedInterfaceOrientations_iPad = "UIInterfaceOrientationPortrait UIInterfaceOrientationPortraitUpsideDown UIInterfaceOrientationLandscapeLeft UIInterfaceOrientationLandscapeRight";
				INFOPLIST_KEY_UISupportedInterfaceOrientations_iPhone = "UIInterfaceOrientationPortrait UIInterfaceOrientationLandscapeLeft UIInterfaceOrientationLandscapeRight";
				LD_RUNPATH_SEARCH_PATHS = (
					"$(inherited)",
					"@executable_path/Frameworks",
				);
				MARKETING_VERSION = 1.0;
				PRODUCT_BUNDLE_IDENTIFIER = lena.MusicInEyes;
				PRODUCT_NAME = "$(TARGET_NAME)";
				SWIFT_EMIT_LOC_STRINGS = YES;
				SWIFT_VERSION = 5.0;
				TARGETED_DEVICE_FAMILY = "1,2";
			};
			name = Debug;
		};
		BFCA6BC228B84B4100EA6261 /* Release */ = {
			isa = XCBuildConfiguration;
			buildSettings = {
				ASSETCATALOG_COMPILER_APPICON_NAME = AppIcon;
				ASSETCATALOG_COMPILER_GLOBAL_ACCENT_COLOR_NAME = AccentColor;
				CODE_SIGN_STYLE = Automatic;
				CURRENT_PROJECT_VERSION = 1;
				DEVELOPMENT_TEAM = D9CAJN27UH;
				GENERATE_INFOPLIST_FILE = YES;
				INFOPLIST_FILE = MusicInEyes/Info.plist;
				INFOPLIST_KEY_UIApplicationSupportsIndirectInputEvents = YES;
				INFOPLIST_KEY_UILaunchStoryboardName = LaunchScreen;
				INFOPLIST_KEY_UISupportedInterfaceOrientations_iPad = "UIInterfaceOrientationPortrait UIInterfaceOrientationPortraitUpsideDown UIInterfaceOrientationLandscapeLeft UIInterfaceOrientationLandscapeRight";
				INFOPLIST_KEY_UISupportedInterfaceOrientations_iPhone = "UIInterfaceOrientationPortrait UIInterfaceOrientationLandscapeLeft UIInterfaceOrientationLandscapeRight";
				LD_RUNPATH_SEARCH_PATHS = (
					"$(inherited)",
					"@executable_path/Frameworks",
				);
				MARKETING_VERSION = 1.0;
				PRODUCT_BUNDLE_IDENTIFIER = lena.MusicInEyes;
				PRODUCT_NAME = "$(TARGET_NAME)";
				SWIFT_EMIT_LOC_STRINGS = YES;
				SWIFT_VERSION = 5.0;
				TARGETED_DEVICE_FAMILY = "1,2";
			};
			name = Release;
		};
/* End XCBuildConfiguration section */

/* Begin XCConfigurationList section */
		BFCA6BA728B84B3E00EA6261 /* Build configuration list for PBXProject "MusicInEyes" */ = {
			isa = XCConfigurationList;
			buildConfigurations = (
				BFCA6BBE28B84B4100EA6261 /* Debug */,
				BFCA6BBF28B84B4100EA6261 /* Release */,
			);
			defaultConfigurationIsVisible = 0;
			defaultConfigurationName = Release;
		};
		BFCA6BC028B84B4100EA6261 /* Build configuration list for PBXNativeTarget "MusicInEyes" */ = {
			isa = XCConfigurationList;
			buildConfigurations = (
				BFCA6BC128B84B4100EA6261 /* Debug */,
				BFCA6BC228B84B4100EA6261 /* Release */,
			);
			defaultConfigurationIsVisible = 0;
			defaultConfigurationName = Release;
		};
/* End XCConfigurationList section */

/* Begin XCRemoteSwiftPackageReference section */
		BF96451528BDA47E0033A7AD /* XCRemoteSwiftPackageReference "unsplash-photopicker-ios" */ = {
			isa = XCRemoteSwiftPackageReference;
			repositoryURL = "https://github.com/unsplash/unsplash-photopicker-ios.git";
			requirement = {
				kind = upToNextMajorVersion;
				minimumVersion = 1.0.0;
			};
		};
/* End XCRemoteSwiftPackageReference section */

/* Begin XCSwiftPackageProductDependency section */
		BF96451628BDA47E0033A7AD /* UnsplashPhotoPicker */ = {
			isa = XCSwiftPackageProductDependency;
			package = BF96451528BDA47E0033A7AD /* XCRemoteSwiftPackageReference "unsplash-photopicker-ios" */;
			productName = UnsplashPhotoPicker;
		};
/* End XCSwiftPackageProductDependency section */
	};
	rootObject = BFCA6BA428B84B3E00EA6261 /* Project object */;
}
